dependencies:
- name: project
  repository: https://startxfr.github.io/helm-repository/packages/
  version: 14.6.45
- name: operator
  repository: https://startxfr.github.io/helm-repository/packages/
  version: 14.6.45
- name: operator
  repository: https://startxfr.github.io/helm-repository/packages/
  version: 14.6.45
- name: project
  repository: https://startxfr.github.io/helm-repository/packages/
  version: 14.6.45
- name: operator
  repository: https://startxfr.github.io/helm-repository/packages/
  version: 14.6.45
- name: project
  repository: https://startxfr.github.io/helm-repository/packages/
  version: 14.6.45
- name: operator
  repository: https://startxfr.github.io/helm-repository/packages/
  version: 14.6.45
digest: sha256:a57b5be2b66724d9f99ed70d22e85065f5a7611b87a4bbe5d42acd4512414635
generated: "2023-12-22T03:43:30.500517185+01:00"
