dependencies:
- name: project
  repository: https://startxfr.github.io/helm-repository/packages/
  version: 9.8.1
- name: operator
  repository: https://startxfr.github.io/helm-repository/packages/
  version: 9.8.1
- name: operator
  repository: https://startxfr.github.io/helm-repository/packages/
  version: 9.8.1
digest: sha256:a1c764ee1281148f825be144e554df2c2d06d96b8ff36e7619bc80c6cfb5fe59
generated: "2021-11-20T18:53:58.944581427+01:00"
