dependencies:
- name: project
  repository: https://helm-repository.readthedocs.io/en/latest/packages/
  version: 12.36.65
- name: operator
  repository: https://helm-repository.readthedocs.io/en/latest/packages/
  version: 12.36.65
- name: operator
  repository: https://helm-repository.readthedocs.io/en/latest/packages/
  version: 12.36.65
- name: project
  repository: https://helm-repository.readthedocs.io/en/latest/packages/
  version: 12.36.65
- name: operator
  repository: https://helm-repository.readthedocs.io/en/latest/packages/
  version: 12.36.65
- name: project
  repository: https://helm-repository.readthedocs.io/en/latest/packages/
  version: 12.36.65
- name: operator
  repository: https://helm-repository.readthedocs.io/en/latest/packages/
  version: 12.36.65
digest: sha256:9f011453f9c6e4d59a218104afbac6fc346e7a2feecbb08d7707d1f8e43a50db
generated: "2023-11-14T00:25:30.713715327+01:00"
