dependencies:
- name: project
  repository: https://startxfr.github.io/helm-repository/packages/
  version: 0.2.33
- name: operator
  repository: https://startxfr.github.io/helm-repository/packages/
  version: 0.2.37
digest: sha256:b35efc9ace4874465bdab09623fd003077264f1e98808bc96cd927aacac4bbb5
generated: "2020-10-31T12:21:40.133338846+01:00"
