dependencies:
- name: project
  repository: https://startxfr.github.io/helm-repository/packages/
  version: 0.3.131
- name: operator
  repository: https://startxfr.github.io/helm-repository/packages/
  version: 0.3.131
digest: sha256:6d1a4b941f290d50f834b5be3179efee5fd6708fe02f40982b1dd885455d15c1
generated: "2021-01-23T05:06:54.208662101+01:00"
