dependencies:
- name: project
  repository: https://startxfr.github.io/helm-repository/packages/
  version: 0.3.205
- name: operator
  repository: https://startxfr.github.io/helm-repository/packages/
  version: 0.3.205
digest: sha256:c0237a893f5f14d3b7a4902fe4d79a7cf28518a60e4deb59094e00e938d4fe13
generated: "2021-04-19T13:30:25.99185994+02:00"
