dependencies:
- name: project
  repository: https://startxfr.github.io/helm-repository/packages/
  version: 0.3.318
- name: operator
  repository: https://startxfr.github.io/helm-repository/packages/
  version: 0.3.318
digest: sha256:ea31b2657d7dd7e6b0159e888a3fa6c2b54d8de3959c12c22ac847cf5e7d3563
generated: "2021-06-05T06:32:43.645699347+02:00"
