dependencies:
- name: project
  repository: https://helm-repository.readthedocs.io/en/latest/repos/20/
  version: 20.14.0
- name: project
  repository: https://helm-repository.readthedocs.io/en/latest/repos/20/
  version: 20.14.0
- name: project
  repository: https://helm-repository.readthedocs.io/en/latest/repos/20/
  version: 20.14.0
- name: project
  repository: https://helm-repository.readthedocs.io/en/latest/repos/20/
  version: 20.14.0
- name: chaos-mesh
  repository: https://charts.chaos-mesh.org
  version: 2.2.0
- name: project
  repository: https://helm-repository.readthedocs.io/en/latest/repos/20/
  version: 20.14.0
- name: kube-monkey
  repository: https://asobti.github.io/kube-monkey/charts/repo
  version: 1.4.1
- name: project
  repository: https://helm-repository.readthedocs.io/en/latest/repos/20/
  version: 20.14.0
- name: litmus
  repository: https://litmuschaos.github.io/litmus-helm
  version: 2.9.0
digest: sha256:05ebfeb52adea0f9b631dda22a72745d300c629e49c1daf8deeb11d1462b8f12
generated: "2026-03-02T16:29:55.390207747+01:00"
