dependencies:
- name: project
  repository: https://startxfr.github.io/helm-repository/packages/
  version: 9.8.277
- name: project
  repository: https://startxfr.github.io/helm-repository/packages/
  version: 9.8.277
- name: kraken-ci
  repository: https://kraken.ci/helm-repo/charts
  version: 0.980.0
- name: project
  repository: https://startxfr.github.io/helm-repository/packages/
  version: 9.8.277
- name: chaos-mesh
  repository: https://charts.chaos-mesh.org
  version: 2.2.0
digest: sha256:73971ee7495203359403f41958de79403e39c38f531458eb4ce5c00e839da470
generated: "2022-06-04T01:04:05.6008967+02:00"
