dependencies:
- name: project
  repository: https://helm-repository.readthedocs.io/en/latest/repos/stable/
  version: 14.6.141
- name: project
  repository: https://helm-repository.readthedocs.io/en/latest/repos/stable/
  version: 14.6.141
- name: project
  repository: https://helm-repository.readthedocs.io/en/latest/repos/stable/
  version: 14.6.141
- name: project
  repository: https://helm-repository.readthedocs.io/en/latest/repos/stable/
  version: 14.6.141
- name: chaos-mesh
  repository: https://charts.chaos-mesh.org
  version: 2.2.0
- name: project
  repository: https://helm-repository.readthedocs.io/en/latest/repos/stable/
  version: 14.6.141
- name: kube-monkey
  repository: https://asobti.github.io/kube-monkey/charts/repo
  version: 1.4.1
- name: project
  repository: https://helm-repository.readthedocs.io/en/latest/repos/stable/
  version: 14.6.141
- name: litmus
  repository: https://litmuschaos.github.io/litmus-helm
  version: 2.9.0
digest: sha256:25670f93903738e36538ed578872419bbbd5e4eec856e26e6b94b04a2e4dfdab
generated: "2024-02-03T15:56:48.40892339+01:00"
