dependencies:
- name: project
  repository: https://helm-repository.readthedocs.io/en/latest/repos/stable/
<<<<<<< HEAD
  version: 16.19.4
digest: sha256:94f7b9cae08c475a0b0981c5704beb503d9671fa64e33b8ee185b5dd1f8b8452
generated: "2025-01-08T13:45:04.550327284+01:00"
=======
  version: 17.14.1
digest: sha256:d343fa81e445c51fc799a8bb7367924012c8d40f7699dff1145238701eeb7f2e
generated: "2025-02-28T11:22:01.892916312+01:00"
>>>>>>> devel
