dependencies:
- name: project
  repository: https://helm-repository.readthedocs.io/en/latest/repos/11/
  version: 11.28.25
- name: kube-monkey
  repository: https://asobti.github.io/kube-monkey/charts/repo
  version: 1.4.1
digest: sha256:16e3b7efaaee0e96df6028b7ea643a47a74f8888b4192ee380c513918e3e4f84
generated: "2024-07-01T12:25:23.124981873+02:00"
