dependencies:
- name: project
  repository: https://helm-repository.readthedocs.io/en/latest/repos/stable/
  version: 14.6.339
- name: kube-monkey
  repository: https://asobti.github.io/kube-monkey/charts/repo
  version: 1.4.1
digest: sha256:2f3b9c5ab266bb2568a5eedb413998c7728ec5405d6f66daaf3dc1e8c7aa5e06
generated: "2024-06-26T11:15:35.688991972+02:00"
