dependencies:
- name: project
  repository: https://helm-repository.readthedocs.io/en/latest/repos/18/
  version: 18.11.15
- name: kube-monkey
  repository: https://asobti.github.io/kube-monkey/charts/repo
  version: 1.5.2
digest: sha256:993d865d282c9258497e403fca95b4132f1c7342b9170320c1f4bc2af6dcc5f5
generated: "2025-05-02T16:03:16.593912678+02:00"
