dependencies:
- name: project
  repository: https://helm-repository.readthedocs.io/en/latest/repos/21/
  version: 21.3.0
- name: operator
  repository: https://helm-repository.readthedocs.io/en/latest/repos/21/
  version: 21.3.0
digest: sha256:142943cee946781af2e488243598e0201d9426aa1fed9a5058084e9653ea29ba
generated: "2026-05-12T20:46:02.9663815+02:00"
