dependencies:
- name: project
  repository: http://sx-helm-repository-prod.s3-website.eu-west-3.amazonaws.com/21
  version: 21.3.0
- name: operator
  repository: http://sx-helm-repository-prod.s3-website.eu-west-3.amazonaws.com/21
  version: 21.3.0
digest: sha256:1de1678f2f2d71e5e1fa2e767184e319dfb685126d3e60adb7557cac65c96698
generated: "2026-06-23T20:52:46.795807441+02:00"
