dependencies:
- name: project
  repository: https://helm-repository.readthedocs.io/en/latest/repos/21/
  version: 21.3.0
- name: operator
  repository: https://helm-repository.readthedocs.io/en/latest/repos/21/
  version: 21.3.0
digest: sha256:b13e072df3265af76b22d1701b12d5178ba8b4f6255f1de00aba894bd7b570c3
generated: "2026-06-09T12:28:24.4067625+02:00"
