dependencies:
- name: project
  repository: https://helm-repository.readthedocs.io/en/latest/packages/
  version: 12.36.49-noschema
- name: chaos-mesh
  repository: https://charts.chaos-mesh.org
  version: 2.2.0
digest: sha256:837e399a2205aaead2240647708b6223e93e4af5da796a0c0549cbf48fab9c59
generated: "2023-11-13T23:25:10.830290261+01:00"
