dependencies:
- name: project
  repository: https://startxfr.github.io/helm-repository/repos/noschema/
  version: 14.6.75-noschema
- name: chaos-mesh
  repository: https://charts.chaos-mesh.org
  version: 2.2.0
digest: sha256:c0f20608227ec2550f09c741269faa57f1ee52e6603a9b761daff2aafe3f5891
generated: "2024-01-03T10:20:51.890658291+01:00"
