dependencies:
- name: project
  repository: https://helm-repository.readthedocs.io/en/latest/packages/
  version: 12.0.0
- name: chaos-mesh
  repository: https://charts.chaos-mesh.org
  version: 2.2.0
digest: sha256:8e833fcd98f979024f5e1b492e431a9034004d3a7af61f00eb54bf4feb0061cf
generated: "2023-08-18T13:35:26.64970867+02:00"
