dependencies:
- name: project
  repository: https://startxfr.github.io/helm-repository/repos/stable/
  version: 14.6.65
- name: litmus
  repository: https://litmuschaos.github.io/litmus-helm
  version: 2.9.0
digest: sha256:6f9122b0dc0807a60d1d689267d8c76b59b0c3b215b4fc9e99ad851e90e75ad5
generated: "2023-12-29T17:59:15.904078195+01:00"
