dependencies:
- name: project
  repository: http://sx-helm-repository-prod.s3-website.eu-west-3.amazonaws.com/21
  version: 21.3.167
- name: litmus
  repository: https://litmuschaos.github.io/litmus-helm
  version: 3.26.0
digest: sha256:927410ec35c7697a0b64f118066410225bb856f56e87e60474a6ec278c474799
generated: "2026-06-23T20:45:35.155367543+02:00"
