dependencies:
- name: project
  repository: https://startxfr.github.io/helm-repository/repos/noschema/
  version: 14.6.5-noschema
- name: litmus
  repository: https://litmuschaos.github.io/litmus-helm
  version: 2.9.0
digest: sha256:7cc0b214f52fc8712035e0e933506ead6f00f845f95f0f94872ec125714e34e6
generated: "2023-12-28T03:35:33.710651736+01:00"
