dependencies:
- name: chaos-cerberus
  repository: https://helm-repository.readthedocs.io/en/latest/repos/stable/
  version: 17.14.1
- name: chaos-kraken
  repository: https://helm-repository.readthedocs.io/en/latest/repos/stable/
  version: 17.14.1
- name: chaos-litmus
  repository: https://helm-repository.readthedocs.io/en/latest/repos/stable/
  version: 17.14.1
- name: chaos-mesh
  repository: https://helm-repository.readthedocs.io/en/latest/repos/stable/
  version: 17.14.1
- name: chaos-monkey
  repository: https://helm-repository.readthedocs.io/en/latest/repos/stable/
<<<<<<< HEAD
  version: 16.19.4
digest: sha256:f011b23f923501e41f968cf360d88403a376089f63e33720cf98ad065304db4e
generated: "2025-01-08T13:43:32.768092696+01:00"
=======
  version: 17.14.1
digest: sha256:d9f4b6e02d1198a781b83b7d81da425c5b6f94a045a0fd5290b134802bca7b30
generated: "2025-02-28T11:21:17.119303935+01:00"
>>>>>>> devel
