dependencies:
- name: chaos-cerberus
  repository: https://helm-repository.readthedocs.io/en/latest/packages/
  version: 13.26.0
- name: chaos-kraken
  repository: https://helm-repository.readthedocs.io/en/latest/packages/
  version: 13.26.0
- name: chaos-litmus
  repository: https://helm-repository.readthedocs.io/en/latest/packages/
  version: 13.26.0
- name: chaos-mesh
  repository: https://helm-repository.readthedocs.io/en/latest/packages/
  version: 13.26.0
- name: chaos-monkey
  repository: https://helm-repository.readthedocs.io/en/latest/packages/
  version: 13.26.0
digest: sha256:f8451d05f39701e6b4cd0add758a35e529c4107c7c89849a583d32107e19b63c
generated: "2023-12-09T07:07:01.606869763+01:00"
