dependencies:
- name: chaos-cerberus
  repository: https://helm-repository.readthedocs.io/en/latest/packages/
  version: 11.28.28
- name: chaos-kraken
  repository: https://helm-repository.readthedocs.io/en/latest/packages/
  version: 11.28.28
- name: chaos-litmus
  repository: https://helm-repository.readthedocs.io/en/latest/packages/
  version: 11.28.25
- name: chaos-mesh
  repository: https://helm-repository.readthedocs.io/en/latest/packages/
  version: 11.28.25
- name: chaos-monkey
  repository: https://helm-repository.readthedocs.io/en/latest/packages/
  version: 11.28.25
digest: sha256:5d2170fba788da534408456a399c5b56ee960879ea769b33475ab6db96568548
generated: "2023-02-21T10:54:57.598618847+01:00"
