dependencies:
- name: project
  repository: https://helm-repository.readthedocs.io/en/latest/packages/
  version: 13.26.0
- name: project
  repository: https://helm-repository.readthedocs.io/en/latest/packages/
  version: 13.26.0
- name: project
  repository: https://helm-repository.readthedocs.io/en/latest/packages/
  version: 13.26.0
- name: project
  repository: https://helm-repository.readthedocs.io/en/latest/packages/
  version: 13.26.0
- name: example-imagestreams
  repository: https://helm-repository.readthedocs.io/en/latest/packages/
  version: 13.26.0
digest: sha256:a72522fba9707e307392077dfca0b7f592806cf44f69f42daf8ef7d75d335750
generated: "2023-12-09T07:09:37.450822941+01:00"
