dependencies:
- name: project
  repository: http://sx-helm-repository-prod.s3-website.eu-west-3.amazonaws.com/21
  version: 21.3.70
- name: project
  repository: http://sx-helm-repository-prod.s3-website.eu-west-3.amazonaws.com/21
  version: 21.3.70
- name: project
  repository: http://sx-helm-repository-prod.s3-website.eu-west-3.amazonaws.com/21
  version: 21.3.70
- name: project
  repository: http://sx-helm-repository-prod.s3-website.eu-west-3.amazonaws.com/21
  version: 21.3.70
- name: example-imagestreams
  repository: http://sx-helm-repository-prod.s3-website.eu-west-3.amazonaws.com/21
  version: 21.3.0
digest: sha256:dfbefa4926b8885da7a024f6bd299839b554db3814e5afab3a3b60fd542b6494
generated: "2026-06-20T13:44:59.499932508+02:00"
