dependencies:
- name: project
  repository: https://helm-repository.readthedocs.io/en/latest/packages/
  version: 12.36.65
- name: project
  repository: https://helm-repository.readthedocs.io/en/latest/packages/
  version: 12.36.65
- name: project
  repository: https://helm-repository.readthedocs.io/en/latest/packages/
  version: 12.36.65
- name: project
  repository: https://helm-repository.readthedocs.io/en/latest/packages/
  version: 12.36.65
- name: example-imagestreams
  repository: https://helm-repository.readthedocs.io/en/latest/packages/
  version: 12.36.65
digest: sha256:38fef9963628d29f7f6f57bb5ec2a224c9b622a68700b1dcbd93f1d0e6d17efb
generated: "2023-11-14T00:27:26.470818287+01:00"
